
Microsoft Visual Studio Solution File, Format Version 12.00
# Visual Studio Version 16
VisualStudioVersion = 16.0.31727.386
MinimumVisualStudioVersion = 10.0.40219.1
Project("{FAE04EC0-301F-11D3-BF4B-00C04F79EFBC}") = "DevShell.Console", "DevShell.Console\DevShell.Console.csproj", "{25693A1E-25A9-4E2F-A59C-5EDD68E2EA53}"
EndProject
Project("{FAE04EC0-301F-11D3-BF4B-00C04F79EFBC}") = "DevShell.Common", "DevShell.Common\DevShell.Common.csproj", "{93EED108-DE4C-4D47-B5CC-98E289FE8DBB}"
EndProject
Project("{2150E333-8FDC-42A3-9474-1A3956D46DE8}") = "Cmdlets", "Cmdlets", "{96DE67E6-7A63-43B4-B05E-A308DAA0F087}"
EndProject
Project("{FAE04EC0-301F-11D3-BF4B-00C04F79EFBC}") = "DevShell.Cmdlets", "Cmdlets\DevShell.Cmdlets\DevShell.Cmdlets.csproj", "{AFE3D01F-A76D-46C7-ACA4-7693B43EE67B}"
EndProject
Global
	GlobalSection(SolutionConfigurationPlatforms) = preSolution
		Debug|Any CPU = Debug|Any CPU
		Release|Any CPU = Release|Any CPU
	EndGlobalSection
	GlobalSection(ProjectConfigurationPlatforms) = postSolution
		{25693A1E-25A9-4E2F-A59C-5EDD68E2EA53}.Debug|Any CPU.ActiveCfg = Debug|Any CPU
		{25693A1E-25A9-4E2F-A59C-5EDD68E2EA53}.Debug|Any CPU.Build.0 = Debug|Any CPU
		{25693A1E-25A9-4E2F-A59C-5EDD68E2EA53}.Release|Any CPU.ActiveCfg = Release|Any CPU
		{25693A1E-25A9-4E2F-A59C-5EDD68E2EA53}.Release|Any CPU.Build.0 = Release|Any CPU
		{93EED108-DE4C-4D47-B5CC-98E289FE8DBB}.Debug|Any CPU.ActiveCfg = Debug|Any CPU
		{93EED108-DE4C-4D47-B5CC-98E289FE8DBB}.Debug|Any CPU.Build.0 = Debug|Any CPU
		{93EED108-DE4C-4D47-B5CC-98E289FE8DBB}.Release|Any CPU.ActiveCfg = Release|Any CPU
		{93EED108-DE4C-4D47-B5CC-98E289FE8DBB}.Release|Any CPU.Build.0 = Release|Any CPU
		{AFE3D01F-A76D-46C7-ACA4-7693B43EE67B}.Debug|Any CPU.ActiveCfg = Debug|Any CPU
		{AFE3D01F-A76D-46C7-ACA4-7693B43EE67B}.Debug|Any CPU.Build.0 = Debug|Any CPU
		{AFE3D01F-A76D-46C7-ACA4-7693B43EE67B}.Release|Any CPU.ActiveCfg = Release|Any CPU
		{AFE3D01F-A76D-46C7-ACA4-7693B43EE67B}.Release|Any CPU.Build.0 = Release|Any CPU
	EndGlobalSection
	GlobalSection(SolutionProperties) = preSolution
		HideSolutionNode = FALSE
	EndGlobalSection
	GlobalSection(NestedProjects) = preSolution
		{AFE3D01F-A76D-46C7-ACA4-7693B43EE67B} = {96DE67E6-7A63-43B4-B05E-A308DAA0F087}
	EndGlobalSection
	GlobalSection(ExtensibilityGlobals) = postSolution
		SolutionGuid = {9D048C6B-700E-4B07-8976-205B64F9C75B}
	EndGlobalSection
EndGlobal
